
Microsoft Visual Studio Solution File, Format Version 10.00
# Visual Studio 2008
Project("{FAE04EC0-301F-11D3-BF4B-00C04F79EFBC}") = "Scrambler", "Scrambler\Scrambler.csproj", "{574EB89B-FDE5-4DAE-B516-488D19A1E910}"
EndProject
Global
	GlobalSection(SolutionConfigurationPlatforms) = preSolution
		Debug|Any CPU = Debug|Any CPU
		Release|Any CPU = Release|Any CPU
	EndGlobalSection
	GlobalSection(ProjectConfigurationPlatforms) = postSolution
		{574EB89B-FDE5-4DAE-B516-488D19A1E910}.Debug|Any CPU.ActiveCfg = Debug|Any CPU
		{574EB89B-FDE5-4DAE-B516-488D19A1E910}.Debug|Any CPU.Build.0 = Debug|Any CPU
		{574EB89B-FDE5-4DAE-B516-488D19A1E910}.Release|Any CPU.ActiveCfg = Release|Any CPU
		{574EB89B-FDE5-4DAE-B516-488D19A1E910}.Release|Any CPU.Build.0 = Release|Any CPU
	EndGlobalSection
	GlobalSection(SolutionProperties) = preSolution
		HideSolutionNode = FALSE
	EndGlobalSection
EndGlobal
